
Microsoft Visual Studio Solution File, Format Version 12.00
# Visual Studio 2017
Project("{FAE04EC0-301F-11D3-BF4B-00C04F79EFBC}") = "Contry ball Bonanza", "Contry ball Bonanza.csproj", "{FCAB72CE-24D0-7301-3B87-12D9A9B52524}"
EndProject
Global
	GlobalSection(SolutionConfigurationPlatforms) = preSolution
		Debug|Any CPU = Debug|Any CPU
		Release|Any CPU = Release|Any CPU
	EndGlobalSection
	GlobalSection(ProjectConfigurationPlatforms) = postSolution
		{FCAB72CE-24D0-7301-3B87-12D9A9B52524}.Debug|Any CPU.ActiveCfg = Debug|Any CPU
		{FCAB72CE-24D0-7301-3B87-12D9A9B52524}.Debug|Any CPU.Build.0 = Debug|Any CPU
		{FCAB72CE-24D0-7301-3B87-12D9A9B52524}.Release|Any CPU.ActiveCfg = Release|Any CPU
		{FCAB72CE-24D0-7301-3B87-12D9A9B52524}.Release|Any CPU.Build.0 = Release|Any CPU
	EndGlobalSection
	GlobalSection(SolutionProperties) = preSolution
		HideSolutionNode = FALSE
	EndGlobalSection
EndGlobal
